// !$*UTF8*$!
{
	archiveVersion = 1;
	classes = {
	};
	objectVersion = 50;
	objects = {

/* Begin PBXBuildFile section */
		5462EA7B25F4D511008A88F1 /* HexagonParameters.swift in Sources */ = {isa = PBXBuildFile; fileRef = 5462EA7A25F4D511008A88F1 /* HexagonParameters.swift */; };
		5462EA7E25F4DEBF008A88F1 /* BadgeBackground.swift in Sources */ = {isa = PBXBuildFile; fileRef = 5462EA7D25F4DEBF008A88F1 /* BadgeBackground.swift */; };
		546484F725F50BEC00ADBF33 /* GraphCapsule.swift in Sources */ = {isa = PBXBuildFile; fileRef = 546484F625F50BEC00ADBF33 /* GraphCapsule.swift */; };
		546484FA25F5597B00ADBF33 /* RangeHelper.swift in Sources */ = {isa = PBXBuildFile; fileRef = 546484F925F5597B00ADBF33 /* RangeHelper.swift */; };
		5464851725F8F20F00ADBF33 /* HikeGraph.swift in Sources */ = {isa = PBXBuildFile; fileRef = 5464851625F8F20F00ADBF33 /* HikeGraph.swift */; };
		5472A49D25F1B8CC00F1E8FB /* CircleImage.swift in Sources */ = {isa = PBXBuildFile; fileRef = 5472A49C25F1B8CC00F1E8FB /* CircleImage.swift */; };
		5472A4A025F1B9E500F1E8FB /* MapView.swift in Sources */ = {isa = PBXBuildFile; fileRef = 5472A49F25F1B9E500F1E8FB /* MapView.swift */; };
		5472A4A525F2516B00F1E8FB /* landmarkData.json in Resources */ = {isa = PBXBuildFile; fileRef = 5472A4A425F2516B00F1E8FB /* landmarkData.json */; };
		5472A4A825F2518C00F1E8FB /* Landmark.swift in Sources */ = {isa = PBXBuildFile; fileRef = 5472A4A725F2518C00F1E8FB /* Landmark.swift */; };
		5472A4AB25F2542C00F1E8FB /* ModelData.swift in Sources */ = {isa = PBXBuildFile; fileRef = 5472A4AA25F2542C00F1E8FB /* ModelData.swift */; };
		547DFDC825F2CCE100472017 /* LandmarkRow.swift in Sources */ = {isa = PBXBuildFile; fileRef = 547DFDC725F2CCE100472017 /* LandmarkRow.swift */; };
		547DFDCD25F2D45600472017 /* LandmarkList.swift in Sources */ = {isa = PBXBuildFile; fileRef = 547DFDCC25F2D45600472017 /* LandmarkList.swift */; };
		547DFDD025F2D71500472017 /* LandmarkDetail.swift in Sources */ = {isa = PBXBuildFile; fileRef = 547DFDCF25F2D71500472017 /* LandmarkDetail.swift */; };
		547DFDD525F4386700472017 /* JsonLoader.swift in Sources */ = {isa = PBXBuildFile; fileRef = 547DFDD425F4386600472017 /* JsonLoader.swift */; };
		547DFDDB25F43C9300472017 /* FavoriteButton.swift in Sources */ = {isa = PBXBuildFile; fileRef = 547DFDDA25F43C9300472017 /* FavoriteButton.swift */; };
		54866C8325F1B1900027F4DB /* PlaygroundApp.swift in Sources */ = {isa = PBXBuildFile; fileRef = 54866C8225F1B1900027F4DB /* PlaygroundApp.swift */; };
		54866C8525F1B1900027F4DB /* ContentView.swift in Sources */ = {isa = PBXBuildFile; fileRef = 54866C8425F1B1900027F4DB /* ContentView.swift */; };
		54866C8725F1B1930027F4DB /* Assets.xcassets in Resources */ = {isa = PBXBuildFile; fileRef = 54866C8625F1B1930027F4DB /* Assets.xcassets */; };
		54866C8A25F1B1930027F4DB /* Preview Assets.xcassets in Resources */ = {isa = PBXBuildFile; fileRef = 54866C8925F1B1930027F4DB /* Preview Assets.xcassets */; };
		54A4332225F504FB00C71A57 /* hikeData.json in Resources */ = {isa = PBXBuildFile; fileRef = 54A4332125F504FB00C71A57 /* hikeData.json */; };
		54A4332525F5052500C71A57 /* Hike.swift in Sources */ = {isa = PBXBuildFile; fileRef = 54A4332425F5052500C71A57 /* Hike.swift */; };
		54AFE56925FA1B1C00AACDB3 /* HikeView.swift in Sources */ = {isa = PBXBuildFile; fileRef = 54AFE56825FA1B1C00AACDB3 /* HikeView.swift */; };
		54AFE56C25FA1E5D00AACDB3 /* HikeDetail.swift in Sources */ = {isa = PBXBuildFile; fileRef = 54AFE56B25FA1E5D00AACDB3 /* HikeDetail.swift */; };
		54AFE57125FA42AC00AACDB3 /* CategoryHome.swift in Sources */ = {isa = PBXBuildFile; fileRef = 54AFE57025FA42AC00AACDB3 /* CategoryHome.swift */; };
		54AFE57525FA46EB00AACDB3 /* CategoryRow.swift in Sources */ = {isa = PBXBuildFile; fileRef = 54AFE57425FA46EB00AACDB3 /* CategoryRow.swift */; };
		54AFE57825FA4A2200AACDB3 /* CategoryItem.swift in Sources */ = {isa = PBXBuildFile; fileRef = 54AFE57725FA4A2200AACDB3 /* CategoryItem.swift */; };
		54AFE58725FA5C7600AACDB3 /* .swiftlint.yml in Resources */ = {isa = PBXBuildFile; fileRef = 54AFE58625FA5C7600AACDB3 /* .swiftlint.yml */; };
		54AFE58A25FA5DAD00AACDB3 /* Mintfile in Resources */ = {isa = PBXBuildFile; fileRef = 54AFE58925FA5DAD00AACDB3 /* Mintfile */; };
		54AFE58E25FA5ECD00AACDB3 /* README.md in Resources */ = {isa = PBXBuildFile; fileRef = 54AFE58D25FA5ECD00AACDB3 /* README.md */; };
		54B35F3625F268910028F59A /* MapKit.framework in Frameworks */ = {isa = PBXBuildFile; fileRef = 54B35F3525F268910028F59A /* MapKit.framework */; };
		54E90D7C25F4E95700F956AC /* BadgeSymbol.swift in Sources */ = {isa = PBXBuildFile; fileRef = 54E90D7B25F4E95700F956AC /* BadgeSymbol.swift */; };
		54E90D7F25F4FD4000F956AC /* RotatedBadgeSymbol.swift in Sources */ = {isa = PBXBuildFile; fileRef = 54E90D7E25F4FD4000F956AC /* RotatedBadgeSymbol.swift */; };
		54E90D8225F4FE1700F956AC /* Badge.swift in Sources */ = {isa = PBXBuildFile; fileRef = 54E90D8125F4FE1700F956AC /* Badge.swift */; };
/* End PBXBuildFile section */

/* Begin PBXFileReference section */
		5462EA7A25F4D511008A88F1 /* HexagonParameters.swift */ = {isa = PBXFileReference; lastKnownFileType = sourcecode.swift; path = HexagonParameters.swift; sourceTree = "<group>"; };
		5462EA7D25F4DEBF008A88F1 /* BadgeBackground.swift */ = {isa = PBXFileReference; lastKnownFileType = sourcecode.swift; path = BadgeBackground.swift; sourceTree = "<group>"; };
		546484F625F50BEC00ADBF33 /* GraphCapsule.swift */ = {isa = PBXFileReference; lastKnownFileType = sourcecode.swift; path = GraphCapsule.swift; sourceTree = "<group>"; };
		546484F925F5597B00ADBF33 /* RangeHelper.swift */ = {isa = PBXFileReference; lastKnownFileType = sourcecode.swift; path = RangeHelper.swift; sourceTree = "<group>"; };
		5464851625F8F20F00ADBF33 /* HikeGraph.swift */ = {isa = PBXFileReference; lastKnownFileType = sourcecode.swift; path = HikeGraph.swift; sourceTree = "<group>"; };
		5472A49C25F1B8CC00F1E8FB /* CircleImage.swift */ = {isa = PBXFileReference; lastKnownFileType = sourcecode.swift; path = CircleImage.swift; sourceTree = "<group>"; };
		5472A49F25F1B9E500F1E8FB /* MapView.swift */ = {isa = PBXFileReference; lastKnownFileType = sourcecode.swift; path = MapView.swift; sourceTree = "<group>"; };
		5472A4A425F2516B00F1E8FB /* landmarkData.json */ = {isa = PBXFileReference; fileEncoding = 4; lastKnownFileType = text.json; path = landmarkData.json; sourceTree = "<group>"; };
		5472A4A725F2518C00F1E8FB /* Landmark.swift */ = {isa = PBXFileReference; lastKnownFileType = sourcecode.swift; path = Landmark.swift; sourceTree = "<group>"; };
		5472A4AA25F2542C00F1E8FB /* ModelData.swift */ = {isa = PBXFileReference; lastKnownFileType = sourcecode.swift; path = ModelData.swift; sourceTree = "<group>"; };
		547DFDC725F2CCE100472017 /* LandmarkRow.swift */ = {isa = PBXFileReference; lastKnownFileType = sourcecode.swift; path = LandmarkRow.swift; sourceTree = "<group>"; };
		547DFDCC25F2D45600472017 /* LandmarkList.swift */ = {isa = PBXFileReference; lastKnownFileType = sourcecode.swift; path = LandmarkList.swift; sourceTree = "<group>"; };
		547DFDCF25F2D71500472017 /* LandmarkDetail.swift */ = {isa = PBXFileReference; lastKnownFileType = sourcecode.swift; path = LandmarkDetail.swift; sourceTree = "<group>"; };
		547DFDD425F4386600472017 /* JsonLoader.swift */ = {isa = PBXFileReference; lastKnownFileType = sourcecode.swift; path = JsonLoader.swift; sourceTree = "<group>"; };
		547DFDDA25F43C9300472017 /* FavoriteButton.swift */ = {isa = PBXFileReference; lastKnownFileType = sourcecode.swift; path = FavoriteButton.swift; sourceTree = "<group>"; };
		54866C7F25F1B1900027F4DB /* Playground.app */ = {isa = PBXFileReference; explicitFileType = wrapper.application; includeInIndex = 0; path = Playground.app; sourceTree = BUILT_PRODUCTS_DIR; };
		54866C8225F1B1900027F4DB /* PlaygroundApp.swift */ = {isa = PBXFileReference; lastKnownFileType = sourcecode.swift; path = PlaygroundApp.swift; sourceTree = "<group>"; };
		54866C8425F1B1900027F4DB /* ContentView.swift */ = {isa = PBXFileReference; lastKnownFileType = sourcecode.swift; path = ContentView.swift; sourceTree = "<group>"; };
		54866C8625F1B1930027F4DB /* Assets.xcassets */ = {isa = PBXFileReference; lastKnownFileType = folder.assetcatalog; path = Assets.xcassets; sourceTree = "<group>"; };
		54866C8925F1B1930027F4DB /* Preview Assets.xcassets */ = {isa = PBXFileReference; lastKnownFileType = folder.assetcatalog; path = "Preview Assets.xcassets"; sourceTree = "<group>"; };
		54866C8B25F1B1930027F4DB /* Info.plist */ = {isa = PBXFileReference; lastKnownFileType = text.plist.xml; path = Info.plist; sourceTree = "<group>"; };
		54A4332125F504FB00C71A57 /* hikeData.json */ = {isa = PBXFileReference; fileEncoding = 4; lastKnownFileType = text.json; path = hikeData.json; sourceTree = "<group>"; };
		54A4332425F5052500C71A57 /* Hike.swift */ = {isa = PBXFileReference; lastKnownFileType = sourcecode.swift; path = Hike.swift; sourceTree = "<group>"; };
		54AFE56825FA1B1C00AACDB3 /* HikeView.swift */ = {isa = PBXFileReference; lastKnownFileType = sourcecode.swift; path = HikeView.swift; sourceTree = "<group>"; };
		54AFE56B25FA1E5D00AACDB3 /* HikeDetail.swift */ = {isa = PBXFileReference; lastKnownFileType = sourcecode.swift; path = HikeDetail.swift; sourceTree = "<group>"; };
		54AFE57025FA42AC00AACDB3 /* CategoryHome.swift */ = {isa = PBXFileReference; lastKnownFileType = sourcecode.swift; path = CategoryHome.swift; sourceTree = "<group>"; };
		54AFE57425FA46EB00AACDB3 /* CategoryRow.swift */ = {isa = PBXFileReference; lastKnownFileType = sourcecode.swift; path = CategoryRow.swift; sourceTree = "<group>"; };
		54AFE57725FA4A2200AACDB3 /* CategoryItem.swift */ = {isa = PBXFileReference; lastKnownFileType = sourcecode.swift; path = CategoryItem.swift; sourceTree = "<group>"; };
		54AFE58625FA5C7600AACDB3 /* .swiftlint.yml */ = {isa = PBXFileReference; lastKnownFileType = text.yaml; path = .swiftlint.yml; sourceTree = "<group>"; };
		54AFE58925FA5DAD00AACDB3 /* Mintfile */ = {isa = PBXFileReference; lastKnownFileType = text; path = Mintfile; sourceTree = "<group>"; };
		54AFE58D25FA5ECD00AACDB3 /* README.md */ = {isa = PBXFileReference; lastKnownFileType = net.daringfireball.markdown; path = README.md; sourceTree = "<group>"; xcLanguageSpecificationIdentifier = xcode.lang.markdown; };
		54B35F3525F268910028F59A /* MapKit.framework */ = {isa = PBXFileReference; lastKnownFileType = wrapper.framework; name = MapKit.framework; path = System/Library/Frameworks/MapKit.framework; sourceTree = SDKROOT; };
		54E90D7B25F4E95700F956AC /* BadgeSymbol.swift */ = {isa = PBXFileReference; lastKnownFileType = sourcecode.swift; path = BadgeSymbol.swift; sourceTree = "<group>"; };
		54E90D7E25F4FD4000F956AC /* RotatedBadgeSymbol.swift */ = {isa = PBXFileReference; lastKnownFileType = sourcecode.swift; path = RotatedBadgeSymbol.swift; sourceTree = "<group>"; };
		54E90D8125F4FE1700F956AC /* Badge.swift */ = {isa = PBXFileReference; lastKnownFileType = sourcecode.swift; path = Badge.swift; sourceTree = "<group>"; };
/* End PBXFileReference section */

/* Begin PBXFrameworksBuildPhase section */
		54866C7C25F1B1900027F4DB /* Frameworks */ = {
			isa = PBXFrameworksBuildPhase;
			buildActionMask = 2147483647;
			files = (
				54B35F3625F268910028F59A /* MapKit.framework in Frameworks */,
			);
			runOnlyForDeploymentPostprocessing = 0;
		};
/* End PBXFrameworksBuildPhase section */

/* Begin PBXGroup section */
		546484F525F50BD400ADBF33 /* Hikes */ = {
			isa = PBXGroup;
			children = (
				546484F625F50BEC00ADBF33 /* GraphCapsule.swift */,
				5464851625F8F20F00ADBF33 /* HikeGraph.swift */,
				54AFE56825FA1B1C00AACDB3 /* HikeView.swift */,
				54AFE56B25FA1E5D00AACDB3 /* HikeDetail.swift */,
			);
			path = Hikes;
			sourceTree = "<group>";
		};
		5472A4AD25F2648500F1E8FB /* Views */ = {
			isa = PBXGroup;
			children = (
				54866C8425F1B1900027F4DB /* ContentView.swift */,
				54AFE56E25FA374300AACDB3 /* Categories */,
				546484F525F50BD400ADBF33 /* Hikes */,
				547DFDDE25F43E1E00472017 /* Landmarks */,
				54E90D8425F5002100F956AC /* Badges */,
				547DFDDD25F43DDC00472017 /* Helpers */,
			);
			path = Views;
			sourceTree = "<group>";
		};
		5472A4AE25F2649200F1E8FB /* Resources */ = {
			isa = PBXGroup;
			children = (
				54A4332125F504FB00C71A57 /* hikeData.json */,
				5472A4A425F2516B00F1E8FB /* landmarkData.json */,
			);
			path = Resources;
			sourceTree = "<group>";
		};
		5472A4AF25F264A400F1E8FB /* Models */ = {
			isa = PBXGroup;
			children = (
				54A4332425F5052500C71A57 /* Hike.swift */,
				5472A4A725F2518C00F1E8FB /* Landmark.swift */,
				5472A4AA25F2542C00F1E8FB /* ModelData.swift */,
			);
			path = Models;
			sourceTree = "<group>";
		};
		547DFDD325F4383700472017 /* Utils */ = {
			isa = PBXGroup;
			children = (
				547DFDD425F4386600472017 /* JsonLoader.swift */,
				546484F925F5597B00ADBF33 /* RangeHelper.swift */,
			);
			path = Utils;
			sourceTree = "<group>";
		};
		547DFDDD25F43DDC00472017 /* Helpers */ = {
			isa = PBXGroup;
			children = (
				547DFDDA25F43C9300472017 /* FavoriteButton.swift */,
				5472A49C25F1B8CC00F1E8FB /* CircleImage.swift */,
				5472A49F25F1B9E500F1E8FB /* MapView.swift */,
			);
			path = Helpers;
			sourceTree = "<group>";
		};
		547DFDDE25F43E1E00472017 /* Landmarks */ = {
			isa = PBXGroup;
			children = (
				547DFDC725F2CCE100472017 /* LandmarkRow.swift */,
				547DFDCC25F2D45600472017 /* LandmarkList.swift */,
				547DFDCF25F2D71500472017 /* LandmarkDetail.swift */,
			);
			path = Landmarks;
			sourceTree = "<group>";
		};
		54866C7625F1B1900027F4DB = {
			isa = PBXGroup;
			children = (
				54AFE58925FA5DAD00AACDB3 /* Mintfile */,
				54AFE58D25FA5ECD00AACDB3 /* README.md */,
				54AFE58625FA5C7600AACDB3 /* .swiftlint.yml */,
				54866C8125F1B1900027F4DB /* Playground */,
				54866C8025F1B1900027F4DB /* Products */,
				54B35F3425F268910028F59A /* Frameworks */,
			);
			sourceTree = "<group>";
		};
		54866C8025F1B1900027F4DB /* Products */ = {
			isa = PBXGroup;
			children = (
				54866C7F25F1B1900027F4DB /* Playground.app */,
			);
			name = Products;
			sourceTree = "<group>";
		};
		54866C8125F1B1900027F4DB /* Playground */ = {
			isa = PBXGroup;
			children = (
				54866C8225F1B1900027F4DB /* PlaygroundApp.swift */,
				5472A4AD25F2648500F1E8FB /* Views */,
				5472A4AF25F264A400F1E8FB /* Models */,
				5472A4AE25F2649200F1E8FB /* Resources */,
				547DFDD325F4383700472017 /* Utils */,
				54866C8625F1B1930027F4DB /* Assets.xcassets */,
				54866C8B25F1B1930027F4DB /* Info.plist */,
				54866C8825F1B1930027F4DB /* Preview Content */,
			);
			path = Playground;
			sourceTree = "<group>";
		};
		54866C8825F1B1930027F4DB /* Preview Content */ = {
			isa = PBXGroup;
			children = (
				54866C8925F1B1930027F4DB /* Preview Assets.xcassets */,
			);
			path = "Preview Content";
			sourceTree = "<group>";
		};
		54AFE56E25FA374300AACDB3 /* Categories */ = {
			isa = PBXGroup;
			children = (
				54AFE57025FA42AC00AACDB3 /* CategoryHome.swift */,
				54AFE57425FA46EB00AACDB3 /* CategoryRow.swift */,
				54AFE57725FA4A2200AACDB3 /* CategoryItem.swift */,
			);
			path = Categories;
			sourceTree = "<group>";
		};
		54B35F3425F268910028F59A /* Frameworks */ = {
			isa = PBXGroup;
			children = (
				54B35F3525F268910028F59A /* MapKit.framework */,
			);
			name = Frameworks;
			sourceTree = "<group>";
		};
		54E90D8425F5002100F956AC /* Badges */ = {
			isa = PBXGroup;
			children = (
				5462EA7A25F4D511008A88F1 /* HexagonParameters.swift */,
				5462EA7D25F4DEBF008A88F1 /* BadgeBackground.swift */,
				54E90D7B25F4E95700F956AC /* BadgeSymbol.swift */,
				54E90D7E25F4FD4000F956AC /* RotatedBadgeSymbol.swift */,
				54E90D8125F4FE1700F956AC /* Badge.swift */,
			);
			path = Badges;
			sourceTree = "<group>";
		};
/* End PBXGroup section */

/* Begin PBXNativeTarget section */
		54866C7E25F1B1900027F4DB /* Playground */ = {
			isa = PBXNativeTarget;
			buildConfigurationList = 54866C8E25F1B1930027F4DB /* Build configuration list for PBXNativeTarget "Playground" */;
			buildPhases = (
				54AFE58225FA54B400AACDB3 /* Swiftlint */,
				54866C7B25F1B1900027F4DB /* Sources */,
				54866C7C25F1B1900027F4DB /* Frameworks */,
				54866C7D25F1B1900027F4DB /* Resources */,
			);
			buildRules = (
			);
			dependencies = (
			);
			name = Playground;
			packageProductDependencies = (
			);
			productName = playground;
			productReference = 54866C7F25F1B1900027F4DB /* Playground.app */;
			productType = "com.apple.product-type.application";
		};
/* End PBXNativeTarget section */

/* Begin PBXProject section */
		54866C7725F1B1900027F4DB /* Project object */ = {
			isa = PBXProject;
			attributes = {
				LastSwiftUpdateCheck = 1240;
				LastUpgradeCheck = 1240;
				TargetAttributes = {
					54866C7E25F1B1900027F4DB = {
						CreatedOnToolsVersion = 12.4;
					};
				};
			};
			buildConfigurationList = 54866C7A25F1B1900027F4DB /* Build configuration list for PBXProject "Playground" */;
			compatibilityVersion = "Xcode 9.3";
			developmentRegion = en;
			hasScannedForEncodings = 0;
			knownRegions = (
				en,
				Base,
			);
			mainGroup = 54866C7625F1B1900027F4DB;
			packageReferences = (
			);
			productRefGroup = 54866C8025F1B1900027F4DB /* Products */;
			projectDirPath = "";
			projectRoot = "";
			targets = (
				54866C7E25F1B1900027F4DB /* Playground */,
			);
		};
/* End PBXProject section */

/* Begin PBXResourcesBuildPhase section */
		54866C7D25F1B1900027F4DB /* Resources */ = {
			isa = PBXResourcesBuildPhase;
			buildActionMask = 2147483647;
			files = (
				54AFE58A25FA5DAD00AACDB3 /* Mintfile in Resources */,
				54AFE58725FA5C7600AACDB3 /* .swiftlint.yml in Resources */,
				54A4332225F504FB00C71A57 /* hikeData.json in Resources */,
				54AFE58E25FA5ECD00AACDB3 /* README.md in Resources */,
				54866C8A25F1B1930027F4DB /* Preview Assets.xcassets in Resources */,
				54866C8725F1B1930027F4DB /* Assets.xcassets in Resources */,
				5472A4A525F2516B00F1E8FB /* landmarkData.json in Resources */,
			);
			runOnlyForDeploymentPostprocessing = 0;
		};
/* End PBXResourcesBuildPhase section */

/* Begin PBXShellScriptBuildPhase section */
		54AFE58225FA54B400AACDB3 /* Swiftlint */ = {
			isa = PBXShellScriptBuildPhase;
			buildActionMask = 2147483647;
			files = (
			);
			inputFileListPaths = (
			);
			inputPaths = (
			);
			name = Swiftlint;
			outputFileListPaths = (
			);
			outputPaths = (
			);
			runOnlyForDeploymentPostprocessing = 0;
			shellPath = /bin/sh;
			shellScript = "# Type a script or drag a script file from your workspace to insert its path.\nif which swiftlint >/dev/null; then\n  swiftlint\nelse\n  echo \"warning: SwiftLint not installed, download from https://github.com/realm/SwiftLint\"\nfi\n";
		};
/* End PBXShellScriptBuildPhase section */

/* Begin PBXSourcesBuildPhase section */
		54866C7B25F1B1900027F4DB /* Sources */ = {
			isa = PBXSourcesBuildPhase;
			buildActionMask = 2147483647;
			files = (
				54A4332525F5052500C71A57 /* Hike.swift in Sources */,
				54AFE57825FA4A2200AACDB3 /* CategoryItem.swift in Sources */,
				5462EA7B25F4D511008A88F1 /* HexagonParameters.swift in Sources */,
				54866C8525F1B1900027F4DB /* ContentView.swift in Sources */,
				5472A4A025F1B9E500F1E8FB /* MapView.swift in Sources */,
				54866C8325F1B1900027F4DB /* PlaygroundApp.swift in Sources */,
				547DFDCD25F2D45600472017 /* LandmarkList.swift in Sources */,
				547DFDD525F4386700472017 /* JsonLoader.swift in Sources */,
				54AFE56C25FA1E5D00AACDB3 /* HikeDetail.swift in Sources */,
				546484FA25F5597B00ADBF33 /* RangeHelper.swift in Sources */,
				5472A49D25F1B8CC00F1E8FB /* CircleImage.swift in Sources */,
				54AFE57525FA46EB00AACDB3 /* CategoryRow.swift in Sources */,
				54E90D7C25F4E95700F956AC /* BadgeSymbol.swift in Sources */,
				54E90D7F25F4FD4000F956AC /* RotatedBadgeSymbol.swift in Sources */,
				54E90D8225F4FE1700F956AC /* Badge.swift in Sources */,
				5472A4A825F2518C00F1E8FB /* Landmark.swift in Sources */,
				5464851725F8F20F00ADBF33 /* HikeGraph.swift in Sources */,
				5462EA7E25F4DEBF008A88F1 /* BadgeBackground.swift in Sources */,
				547DFDC825F2CCE100472017 /* LandmarkRow.swift in Sources */,
				54AFE56925FA1B1C00AACDB3 /* HikeView.swift in Sources */,
				546484F725F50BEC00ADBF33 /* GraphCapsule.swift in Sources */,
				5472A4AB25F2542C00F1E8FB /* ModelData.swift in Sources */,
				547DFDDB25F43C9300472017 /* FavoriteButton.swift in Sources */,
				54AFE57125FA42AC00AACDB3 /* CategoryHome.swift in Sources */,
				547DFDD025F2D71500472017 /* LandmarkDetail.swift in Sources */,
			);
			runOnlyForDeploymentPostprocessing = 0;
		};
/* End PBXSourcesBuildPhase section */

/* Begin XCBuildConfiguration section */
		54866C8C25F1B1930027F4DB /* Debug */ = {
			isa = XCBuildConfiguration;
			buildSettings = {
				ALWAYS_SEARCH_USER_PATHS = NO;
				CLANG_ANALYZER_NONNULL = YES;
				CLANG_ANALYZER_NUMBER_OBJECT_CONVERSION = YES_AGGRESSIVE;
				CLANG_CXX_LANGUAGE_STANDARD = "gnu++14";
				CLANG_CXX_LIBRARY = "libc++";
				CLANG_ENABLE_MODULES = YES;
				CLANG_ENABLE_OBJC_ARC = YES;
				CLANG_ENABLE_OBJC_WEAK = YES;
				CLANG_WARN_BLOCK_CAPTURE_AUTORELEASING = YES;
				CLANG_WARN_BOOL_CONVERSION = YES;
				CLANG_WARN_COMMA = YES;
				CLANG_WARN_CONSTANT_CONVERSION = YES;
				CLANG_WARN_DEPRECATED_OBJC_IMPLEMENTATIONS = YES;
				CLANG_WARN_DIRECT_OBJC_ISA_USAGE = YES_ERROR;
				CLANG_WARN_DOCUMENTATION_COMMENTS = YES;
				CLANG_WARN_EMPTY_BODY = YES;
				CLANG_WARN_ENUM_CONVERSION = YES;
				CLANG_WARN_INFINITE_RECURSION = YES;
				CLANG_WARN_INT_CONVERSION = YES;
				CLANG_WARN_NON_LITERAL_NULL_CONVERSION = YES;
				CLANG_WARN_OBJC_IMPLICIT_RETAIN_SELF = YES;
				CLANG_WARN_OBJC_LITERAL_CONVERSION = YES;
				CLANG_WARN_OBJC_ROOT_CLASS = YES_ERROR;
				CLANG_WARN_QUOTED_INCLUDE_IN_FRAMEWORK_HEADER = YES;
				CLANG_WARN_RANGE_LOOP_ANALYSIS = YES;
				CLANG_WARN_STRICT_PROTOTYPES = YES;
				CLANG_WARN_SUSPICIOUS_MOVE = YES;
				CLANG_WARN_UNGUARDED_AVAILABILITY = YES_AGGRESSIVE;
				CLANG_WARN_UNREACHABLE_CODE = YES;
				CLANG_WARN__DUPLICATE_METHOD_MATCH = YES;
				COPY_PHASE_STRIP = NO;
				DEBUG_INFORMATION_FORMAT = dwarf;
				ENABLE_STRICT_OBJC_MSGSEND = YES;
				ENABLE_TESTABILITY = YES;
				GCC_C_LANGUAGE_STANDARD = gnu11;
				GCC_DYNAMIC_NO_PIC = NO;
				GCC_NO_COMMON_BLOCKS = YES;
				GCC_OPTIMIZATION_LEVEL = 0;
				GCC_PREPROCESSOR_DEFINITIONS = (
					"DEBUG=1",
					"$(inherited)",
				);
				GCC_WARN_64_TO_32_BIT_CONVERSION = YES;
				GCC_WARN_ABOUT_RETURN_TYPE = YES_ERROR;
				GCC_WARN_UNDECLARED_SELECTOR = YES;
				GCC_WARN_UNINITIALIZED_AUTOS = YES_AGGRESSIVE;
				GCC_WARN_UNUSED_FUNCTION = YES;
				GCC_WARN_UNUSED_VARIABLE = YES;
				IPHONEOS_DEPLOYMENT_TARGET = 14.4;
				MTL_ENABLE_DEBUG_INFO = INCLUDE_SOURCE;
				MTL_FAST_MATH = YES;
				ONLY_ACTIVE_ARCH = YES;
				SDKROOT = iphoneos;
				SWIFT_ACTIVE_COMPILATION_CONDITIONS = DEBUG;
				SWIFT_OPTIMIZATION_LEVEL = "-Onone";
				TARGETED_DEVICE_FAMILY = "1,2";
			};
			name = Debug;
		};
		54866C8D25F1B1930027F4DB /* Release */ = {
			isa = XCBuildConfiguration;
			buildSettings = {
				ALWAYS_SEARCH_USER_PATHS = NO;
				CLANG_ANALYZER_NONNULL = YES;
				CLANG_ANALYZER_NUMBER_OBJECT_CONVERSION = YES_AGGRESSIVE;
				CLANG_CXX_LANGUAGE_STANDARD = "gnu++14";
				CLANG_CXX_LIBRARY = "libc++";
				CLANG_ENABLE_MODULES = YES;
				CLANG_ENABLE_OBJC_ARC = YES;
				CLANG_ENABLE_OBJC_WEAK = YES;
				CLANG_WARN_BLOCK_CAPTURE_AUTORELEASING = YES;
				CLANG_WARN_BOOL_CONVERSION = YES;
				CLANG_WARN_COMMA = YES;
				CLANG_WARN_CONSTANT_CONVERSION = YES;
				CLANG_WARN_DEPRECATED_OBJC_IMPLEMENTATIONS = YES;
				CLANG_WARN_DIRECT_OBJC_ISA_USAGE = YES_ERROR;
				CLANG_WARN_DOCUMENTATION_COMMENTS = YES;
				CLANG_WARN_EMPTY_BODY = YES;
				CLANG_WARN_ENUM_CONVERSION = YES;
				CLANG_WARN_INFINITE_RECURSION = YES;
				CLANG_WARN_INT_CONVERSION = YES;
				CLANG_WARN_NON_LITERAL_NULL_CONVERSION = YES;
				CLANG_WARN_OBJC_IMPLICIT_RETAIN_SELF = YES;
				CLANG_WARN_OBJC_LITERAL_CONVERSION = YES;
				CLANG_WARN_OBJC_ROOT_CLASS = YES_ERROR;
				CLANG_WARN_QUOTED_INCLUDE_IN_FRAMEWORK_HEADER = YES;
				CLANG_WARN_RANGE_LOOP_ANALYSIS = YES;
				CLANG_WARN_STRICT_PROTOTYPES = YES;
				CLANG_WARN_SUSPICIOUS_MOVE = YES;
				CLANG_WARN_UNGUARDED_AVAILABILITY = YES_AGGRESSIVE;
				CLANG_WARN_UNREACHABLE_CODE = YES;
				CLANG_WARN__DUPLICATE_METHOD_MATCH = YES;
				COPY_PHASE_STRIP = NO;
				DEBUG_INFORMATION_FORMAT = "dwarf-with-dsym";
				ENABLE_NS_ASSERTIONS = NO;
				ENABLE_STRICT_OBJC_MSGSEND = YES;
				GCC_C_LANGUAGE_STANDARD = gnu11;
				GCC_NO_COMMON_BLOCKS = YES;
				GCC_WARN_64_TO_32_BIT_CONVERSION = YES;
				GCC_WARN_ABOUT_RETURN_TYPE = YES_ERROR;
				GCC_WARN_UNDECLARED_SELECTOR = YES;
				GCC_WARN_UNINITIALIZED_AUTOS = YES_AGGRESSIVE;
				GCC_WARN_UNUSED_FUNCTION = YES;
				GCC_WARN_UNUSED_VARIABLE = YES;
				IPHONEOS_DEPLOYMENT_TARGET = 14.4;
				MTL_ENABLE_DEBUG_INFO = NO;
				MTL_FAST_MATH = YES;
				SDKROOT = iphoneos;
				SWIFT_COMPILATION_MODE = wholemodule;
				SWIFT_OPTIMIZATION_LEVEL = "-O";
				TARGETED_DEVICE_FAMILY = "1,2";
				VALIDATE_PRODUCT = YES;
			};
			name = Release;
		};
		54866C8F25F1B1930027F4DB /* Debug */ = {
			isa = XCBuildConfiguration;
			buildSettings = {
				ASSETCATALOG_COMPILER_APPICON_NAME = AppIcon;
				ASSETCATALOG_COMPILER_GLOBAL_ACCENT_COLOR_NAME = AccentColor;
				CODE_SIGN_IDENTITY = "Apple Development";
				CODE_SIGN_STYLE = Automatic;
				DEVELOPMENT_ASSET_PATHS = "\"playground/Preview Content\"";
				DEVELOPMENT_TEAM = 4HB7Z3F9Q7;
				ENABLE_PREVIEWS = YES;
				INFOPLIST_FILE = playground/Info.plist;
				IPHONEOS_DEPLOYMENT_TARGET = 14.0;
				LD_RUNPATH_SEARCH_PATHS = (
					"$(inherited)",
					"@executable_path/Frameworks",
				);
				PRODUCT_BUNDLE_IDENTIFIER = dev.mauricio.playground;
				PRODUCT_NAME = "$(TARGET_NAME)";
				PROVISIONING_PROFILE_SPECIFIER = "";
				SWIFT_VERSION = 5.0;
				TARGETED_DEVICE_FAMILY = "1,2";
			};
			name = Debug;
		};
		54866C9025F1B1930027F4DB /* Release */ = {
			isa = XCBuildConfiguration;
			buildSettings = {
				ASSETCATALOG_COMPILER_APPICON_NAME = AppIcon;
				ASSETCATALOG_COMPILER_GLOBAL_ACCENT_COLOR_NAME = AccentColor;
				CODE_SIGN_IDENTITY = "Apple Development";
				CODE_SIGN_STYLE = Automatic;
				DEVELOPMENT_ASSET_PATHS = "\"playground/Preview Content\"";
				DEVELOPMENT_TEAM = 4HB7Z3F9Q7;
				ENABLE_PREVIEWS = YES;
				INFOPLIST_FILE = playground/Info.plist;
				IPHONEOS_DEPLOYMENT_TARGET = 14.0;
				LD_RUNPATH_SEARCH_PATHS = (
					"$(inherited)",
					"@executable_path/Frameworks",
				);
				PRODUCT_BUNDLE_IDENTIFIER = dev.mauricio.playground;
				PRODUCT_NAME = "$(TARGET_NAME)";
				PROVISIONING_PROFILE_SPECIFIER = "";
				SWIFT_VERSION = 5.0;
				TARGETED_DEVICE_FAMILY = "1,2";
			};
			name = Release;
		};
/* End XCBuildConfiguration section */

/* Begin XCConfigurationList section */
		54866C7A25F1B1900027F4DB /* Build configuration list for PBXProject "Playground" */ = {
			isa = XCConfigurationList;
			buildConfigurations = (
				54866C8C25F1B1930027F4DB /* Debug */,
				54866C8D25F1B1930027F4DB /* Release */,
			);
			defaultConfigurationIsVisible = 0;
			defaultConfigurationName = Release;
		};
		54866C8E25F1B1930027F4DB /* Build configuration list for PBXNativeTarget "Playground" */ = {
			isa = XCConfigurationList;
			buildConfigurations = (
				54866C8F25F1B1930027F4DB /* Debug */,
				54866C9025F1B1930027F4DB /* Release */,
			);
			defaultConfigurationIsVisible = 0;
			defaultConfigurationName = Release;
		};
/* End XCConfigurationList section */
	};
	rootObject = 54866C7725F1B1900027F4DB /* Project object */;
}
